
Microsoft Visual Studio Solution File, Format Version 12.00
# Visual Studio 15
VisualStudioVersion = 15.0.27130.2027
MinimumVisualStudioVersion = 10.0.40219.1
Project("{FAE04EC0-301F-11D3-BF4B-00C04F79EFBC}") = "UiPathTeam.RunWithTimeout.Activities", "UiPathTeam.RunWithTimeout.Activities\UiPathTeam.RunWithTimeout.Activities.csproj", "{D05A976D-12FC-4D8C-BC9F-EFC4EA76F133}"
EndProject
Project("{FAE04EC0-301F-11D3-BF4B-00C04F79EFBC}") = "UiPathTeam.RunWithTimeout.Activities.Tests", "UiPathTeam.RunWithTimeout.Activities.Tests\UiPathTeam.RunWithTimeout.Activities.Tests.csproj", "{5EE9980C-FEDD-493F-8775-7C22737B72B7}"
EndProject
Global
	GlobalSection(SolutionConfigurationPlatforms) = preSolution
		Debug|Any CPU = Debug|Any CPU
		Release|Any CPU = Release|Any CPU
	EndGlobalSection
	GlobalSection(ProjectConfigurationPlatforms) = postSolution
		{D05A976D-12FC-4D8C-BC9F-EFC4EA76F133}.Debug|Any CPU.ActiveCfg = Debug|Any CPU
		{D05A976D-12FC-4D8C-BC9F-EFC4EA76F133}.Debug|Any CPU.Build.0 = Debug|Any CPU
		{D05A976D-12FC-4D8C-BC9F-EFC4EA76F133}.Release|Any CPU.ActiveCfg = Release|Any CPU
		{D05A976D-12FC-4D8C-BC9F-EFC4EA76F133}.Release|Any CPU.Build.0 = Release|Any CPU
		{5EE9980C-FEDD-493F-8775-7C22737B72B7}.Debug|Any CPU.ActiveCfg = Debug|Any CPU
		{5EE9980C-FEDD-493F-8775-7C22737B72B7}.Debug|Any CPU.Build.0 = Debug|Any CPU
		{5EE9980C-FEDD-493F-8775-7C22737B72B7}.Release|Any CPU.ActiveCfg = Release|Any CPU
		{5EE9980C-FEDD-493F-8775-7C22737B72B7}.Release|Any CPU.Build.0 = Release|Any CPU
	EndGlobalSection
	GlobalSection(SolutionProperties) = preSolution
		HideSolutionNode = FALSE
	EndGlobalSection
	GlobalSection(ExtensibilityGlobals) = postSolution
		SolutionGuid = {1531DD5D-B1EA-4103-821E-E98C6F628CCA}
	EndGlobalSection
EndGlobal
